
Microsoft Visual Studio Solution File, Format Version 12.00
# Visual Studio Version 17
VisualStudioVersion = 17.3.32922.545
MinimumVisualStudioVersion = 10.0.40219.1
Project("{FAE04EC0-301F-11D3-BF4B-00C04F79EFBC}") = "TicketProcessorConsumer.Microservice", "TicketProcessorConsumer.Microservice\TicketProcessorConsumer.Microservice.csproj", "{CD24DF8C-116C-4389-A4AE-A7C61E540579}"
EndProject
Project("{FAE04EC0-301F-11D3-BF4B-00C04F79EFBC}") = "TicketingProducer.Microservice", "TicketingProducer.Microservice\TicketingProducer.Microservice.csproj", "{92ECA94A-5522-45E7-9268-C5AB72BF5B1C}"
EndProject
Global
	GlobalSection(SolutionConfigurationPlatforms) = preSolution
		Debug|Any CPU = Debug|Any CPU
		Release|Any CPU = Release|Any CPU
	EndGlobalSection
	GlobalSection(ProjectConfigurationPlatforms) = postSolution
		{CD24DF8C-116C-4389-A4AE-A7C61E540579}.Debug|Any CPU.ActiveCfg = Debug|Any CPU
		{CD24DF8C-116C-4389-A4AE-A7C61E540579}.Debug|Any CPU.Build.0 = Debug|Any CPU
		{CD24DF8C-116C-4389-A4AE-A7C61E540579}.Release|Any CPU.ActiveCfg = Release|Any CPU
		{CD24DF8C-116C-4389-A4AE-A7C61E540579}.Release|Any CPU.Build.0 = Release|Any CPU
		{92ECA94A-5522-45E7-9268-C5AB72BF5B1C}.Debug|Any CPU.ActiveCfg = Debug|Any CPU
		{92ECA94A-5522-45E7-9268-C5AB72BF5B1C}.Debug|Any CPU.Build.0 = Debug|Any CPU
		{92ECA94A-5522-45E7-9268-C5AB72BF5B1C}.Release|Any CPU.ActiveCfg = Release|Any CPU
		{92ECA94A-5522-45E7-9268-C5AB72BF5B1C}.Release|Any CPU.Build.0 = Release|Any CPU
	EndGlobalSection
	GlobalSection(SolutionProperties) = preSolution
		HideSolutionNode = FALSE
	EndGlobalSection
	GlobalSection(ExtensibilityGlobals) = postSolution
		SolutionGuid = {D9E772EA-A2BC-4730-B9F6-73F0DFC291D9}
	EndGlobalSection
EndGlobal
